{
  "nodes": {
    "nixpkgs": {
      "locked": {
        "lastModified": 1689836677,
        "narHash": "sha256-rC1FsnsHYZ7Jlxcdk3lYbkv5FJHRzEnAGDQV/8iNpPg=",
        "owner": "NixOS",
        "repo": "nixpkgs",
        "rev": "d0c7a8f1c9a2ebfebd3d99960cdb7c4eec442dc9",
        "type": "github"
      },
      "original": {
        "id": "nixpkgs",
        "rev": "d0c7a8f1c9a2ebfebd3d99960cdb7c4eec442dc9",
        "type": "indirect"
      }
    },
    "root": {
      "inputs": {
        "nixpkgs": "nixpkgs"
      }
    }
  },
  "root": "root",
  "version": 7
}
